// !$*UTF8*$!
{
	archiveVersion = 1;
	classes = {
	};
	objectVersion = 48;
	objects = {

/* Begin PBXBuildFile section */
		41836F8320048EDE0098B1C2 /* RatingViewController.swift in Sources */ = {isa = PBXBuildFile; fileRef = 41836F8220048EDE0098B1C2 /* RatingViewController.swift */; };
		41836F8520048EFA0098B1C2 /* RecommendationViewController.swift in Sources */ = {isa = PBXBuildFile; fileRef = 41836F8420048EFA0098B1C2 /* RecommendationViewController.swift */; };
		418EAE4D200487060073DF34 /* AppDelegate.swift in Sources */ = {isa = PBXBuildFile; fileRef = 418EAE4C200487060073DF34 /* AppDelegate.swift */; };
		418EAE52200487060073DF34 /* Main.storyboard in Resources */ = {isa = PBXBuildFile; fileRef = 418EAE50200487060073DF34 /* Main.storyboard */; };
		418EAE54200487060073DF34 /* Assets.xcassets in Resources */ = {isa = PBXBuildFile; fileRef = 418EAE53200487060073DF34 /* Assets.xcassets */; };
		418EAE57200487060073DF34 /* LaunchScreen.storyboard in Resources */ = {isa = PBXBuildFile; fileRef = 418EAE55200487060073DF34 /* LaunchScreen.storyboard */; };
/* End PBXBuildFile section */

/* Begin PBXContainerItemProxy section */
		41836F7720048D970098B1C2 /* PBXContainerItemProxy */ = {
			isa = PBXContainerItemProxy;
			containerPortal = 41836F7020048D970098B1C2 /* PredictionIO.xcodeproj */;
			proxyType = 2;
			remoteGlobalIDString = 411904261FF9E02A0097434E;
			remoteInfo = "PredictionIO iOS";
		};
		41836F7920048D970098B1C2 /* PBXContainerItemProxy */ = {
			isa = PBXContainerItemProxy;
			containerPortal = 41836F7020048D970098B1C2 /* PredictionIO.xcodeproj */;
			proxyType = 2;
			remoteGlobalIDString = 4119042F1FF9E02A0097434E;
			remoteInfo = "PredictionIO iOS Tests";
		};
		41836F7B20048D970098B1C2 /* PBXContainerItemProxy */ = {
			isa = PBXContainerItemProxy;
			containerPortal = 41836F7020048D970098B1C2 /* PredictionIO.xcodeproj */;
			proxyType = 2;
			remoteGlobalIDString = 41A66D132003B11100BFC1F3;
			remoteInfo = "PredictionIO macOS";
		};
		41836F7D20048D970098B1C2 /* PBXContainerItemProxy */ = {
			isa = PBXContainerItemProxy;
			containerPortal = 41836F7020048D970098B1C2 /* PredictionIO.xcodeproj */;
			proxyType = 2;
			remoteGlobalIDString = 41A66D1F2003B26400BFC1F3;
			remoteInfo = "PredictionIO macOS Tests";
		};
		41836F7F20048DCC0098B1C2 /* PBXContainerItemProxy */ = {
			isa = PBXContainerItemProxy;
			containerPortal = 41836F7020048D970098B1C2 /* PredictionIO.xcodeproj */;
			proxyType = 1;
			remoteGlobalIDString = 411904251FF9E02A0097434E;
			remoteInfo = "PredictionIO iOS";
		};
/* End PBXContainerItemProxy section */

/* Begin PBXFileReference section */
		41836F7020048D970098B1C2 /* PredictionIO.xcodeproj */ = {isa = PBXFileReference; lastKnownFileType = "wrapper.pb-project"; name = PredictionIO.xcodeproj; path = ../PredictionIO/PredictionIO.xcodeproj; sourceTree = "<group>"; };
		41836F8220048EDE0098B1C2 /* RatingViewController.swift */ = {isa = PBXFileReference; lastKnownFileType = sourcecode.swift; path = RatingViewController.swift; sourceTree = "<group>"; };
		41836F8420048EFA0098B1C2 /* RecommendationViewController.swift */ = {isa = PBXFileReference; lastKnownFileType = sourcecode.swift; path = RecommendationViewController.swift; sourceTree = "<group>"; };
		418EAE49200487060073DF34 /* iOS Example.app */ = {isa = PBXFileReference; explicitFileType = wrapper.application; includeInIndex = 0; path = "iOS Example.app"; sourceTree = BUILT_PRODUCTS_DIR; };
		418EAE4C200487060073DF34 /* AppDelegate.swift */ = {isa = PBXFileReference; lastKnownFileType = sourcecode.swift; path = AppDelegate.swift; sourceTree = "<group>"; };
		418EAE51200487060073DF34 /* Base */ = {isa = PBXFileReference; lastKnownFileType = file.storyboard; name = Base; path = Base.lproj/Main.storyboard; sourceTree = "<group>"; };
		418EAE53200487060073DF34 /* Assets.xcassets */ = {isa = PBXFileReference; lastKnownFileType = folder.assetcatalog; path = Assets.xcassets; sourceTree = "<group>"; };
		418EAE56200487060073DF34 /* Base */ = {isa = PBXFileReference; lastKnownFileType = file.storyboard; name = Base; path = Base.lproj/LaunchScreen.storyboard; sourceTree = "<group>"; };
		418EAE58200487060073DF34 /* Info.plist */ = {isa = PBXFileReference; lastKnownFileType = text.plist.xml; path = Info.plist; sourceTree = "<group>"; };
/* End PBXFileReference section */

/* Begin PBXFrameworksBuildPhase section */
		418EAE46200487060073DF34 /* Frameworks */ = {
			isa = PBXFrameworksBuildPhase;
			buildActionMask = 2147483647;
			files = (
			);
			runOnlyForDeploymentPostprocessing = 0;
		};
/* End PBXFrameworksBuildPhase section */

/* Begin PBXGroup section */
		414B3763200487F400290B0F /* Supporting Files */ = {
			isa = PBXGroup;
			children = (
				418EAE53200487060073DF34 /* Assets.xcassets */,
				418EAE55200487060073DF34 /* LaunchScreen.storyboard */,
				418EAE58200487060073DF34 /* Info.plist */,
			);
			name = "Supporting Files";
			sourceTree = "<group>";
		};
		41836F7120048D970098B1C2 /* Products */ = {
			isa = PBXGroup;
			children = (
				41836F7820048D970098B1C2 /* PredictionIO.framework */,
				41836F7A20048D970098B1C2 /* PredictionIO iOS Tests.xctest */,
				41836F7C20048D970098B1C2 /* PredictionIO.framework */,
				41836F7E20048D970098B1C2 /* PredictionIO macOS Tests.xctest */,
			);
			name = Products;
			sourceTree = "<group>";
		};
		418EAE40200487060073DF34 = {
			isa = PBXGroup;
			children = (
				418EAE4B200487060073DF34 /* Source */,
				418EAE4A200487060073DF34 /* Products */,
				41836F7020048D970098B1C2 /* PredictionIO.xcodeproj */,
			);
			sourceTree = "<group>";
		};
		418EAE4A200487060073DF34 /* Products */ = {
			isa = PBXGroup;
			children = (
				418EAE49200487060073DF34 /* iOS Example.app */,
			);
			name = Products;
			sourceTree = "<group>";
		};
		418EAE4B200487060073DF34 /* Source */ = {
			isa = PBXGroup;
			children = (
				418EAE4C200487060073DF34 /* AppDelegate.swift */,
				41836F8220048EDE0098B1C2 /* RatingViewController.swift */,
				41836F8420048EFA0098B1C2 /* RecommendationViewController.swift */,
				418EAE50200487060073DF34 /* Main.storyboard */,
				414B3763200487F400290B0F /* Supporting Files */,
			);
			path = Source;
			sourceTree = "<group>";
		};
/* End PBXGroup section */

/* Begin PBXNativeTarget section */
		418EAE48200487060073DF34 /* iOS Example */ = {
			isa = PBXNativeTarget;
			buildConfigurationList = 418EAE5B200487060073DF34 /* Build configuration list for PBXNativeTarget "iOS Example" */;
			buildPhases = (
				418EAE45200487060073DF34 /* Sources */,
				418EAE46200487060073DF34 /* Frameworks */,
				418EAE47200487060073DF34 /* Resources */,
			);
			buildRules = (
			);
			dependencies = (
				41836F8020048DCC0098B1C2 /* PBXTargetDependency */,
			);
			name = "iOS Example";
			productName = "iOS Example";
			productReference = 418EAE49200487060073DF34 /* iOS Example.app */;
			productType = "com.apple.product-type.application";
		};
/* End PBXNativeTarget section */

/* Begin PBXProject section */
		418EAE41200487060073DF34 /* Project object */ = {
			isa = PBXProject;
			attributes = {
				LastSwiftUpdateCheck = 0920;
				LastUpgradeCheck = 1100;
				ORGANIZATIONNAME = "Minh Tu Le";
				TargetAttributes = {
					418EAE48200487060073DF34 = {
						CreatedOnToolsVersion = 9.2;
						LastSwiftMigration = 1100;
						ProvisioningStyle = Automatic;
					};
				};
			};
			buildConfigurationList = 418EAE44200487060073DF34 /* Build configuration list for PBXProject "iOS Example" */;
			compatibilityVersion = "Xcode 8.0";
			developmentRegion = en;
			hasScannedForEncodings = 0;
			knownRegions = (
				en,
				Base,
			);
			mainGroup = 418EAE40200487060073DF34;
			productRefGroup = 418EAE4A200487060073DF34 /* Products */;
			projectDirPath = "";
			projectReferences = (
				{
					ProductGroup = 41836F7120048D970098B1C2 /* Products */;
					ProjectRef = 41836F7020048D970098B1C2 /* PredictionIO.xcodeproj */;
				},
			);
			projectRoot = "";
			targets = (
				418EAE48200487060073DF34 /* iOS Example */,
			);
		};
/* End PBXProject section */

/* Begin PBXReferenceProxy section */
		41836F7820048D970098B1C2 /* PredictionIO.framework */ = {
			isa = PBXReferenceProxy;
			fileType = wrapper.framework;
			path = PredictionIO.framework;
			remoteRef = 41836F7720048D970098B1C2 /* PBXContainerItemProxy */;
			sourceTree = BUILT_PRODUCTS_DIR;
		};
		41836F7A20048D970098B1C2 /* PredictionIO iOS Tests.xctest */ = {
			isa = PBXReferenceProxy;
			fileType = wrapper.cfbundle;
			path = "PredictionIO iOS Tests.xctest";
			remoteRef = 41836F7920048D970098B1C2 /* PBXContainerItemProxy */;
			sourceTree = BUILT_PRODUCTS_DIR;
		};
		41836F7C20048D970098B1C2 /* PredictionIO.framework */ = {
			isa = PBXReferenceProxy;
			fileType = wrapper.framework;
			path = PredictionIO.framework;
			remoteRef = 41836F7B20048D970098B1C2 /* PBXContainerItemProxy */;
			sourceTree = BUILT_PRODUCTS_DIR;
		};
		41836F7E20048D970098B1C2 /* PredictionIO macOS Tests.xctest */ = {
			isa = PBXReferenceProxy;
			fileType = wrapper.cfbundle;
			path = "PredictionIO macOS Tests.xctest";
			remoteRef = 41836F7D20048D970098B1C2 /* PBXContainerItemProxy */;
			sourceTree = BUILT_PRODUCTS_DIR;
		};
/* End PBXReferenceProxy section */

/* Begin PBXResourcesBuildPhase section */
		418EAE47200487060073DF34 /* Resources */ = {
			isa = PBXResourcesBuildPhase;
			buildActionMask = 2147483647;
			files = (
				418EAE57200487060073DF34 /* LaunchScreen.storyboard in Resources */,
				418EAE54200487060073DF34 /* Assets.xcassets in Resources */,
				418EAE52200487060073DF34 /* Main.storyboard in Resources */,
			);
			runOnlyForDeploymentPostprocessing = 0;
		};
/* End PBXResourcesBuildPhase section */

/* Begin PBXSourcesBuildPhase section */
		418EAE45200487060073DF34 /* Sources */ = {
			isa = PBXSourcesBuildPhase;
			buildActionMask = 2147483647;
			files = (
				41836F8520048EFA0098B1C2 /* RecommendationViewController.swift in Sources */,
				418EAE4D200487060073DF34 /* AppDelegate.swift in Sources */,
				41836F8320048EDE0098B1C2 /* RatingViewController.swift in Sources */,
			);
			runOnlyForDeploymentPostprocessing = 0;
		};
/* End PBXSourcesBuildPhase section */

/* Begin PBXTargetDependency section */
		41836F8020048DCC0098B1C2 /* PBXTargetDependency */ = {
			isa = PBXTargetDependency;
			name = "PredictionIO iOS";
			targetProxy = 41836F7F20048DCC0098B1C2 /* PBXContainerItemProxy */;
		};
/* End PBXTargetDependency section */

/* Begin PBXVariantGroup section */
		418EAE50200487060073DF34 /* Main.storyboard */ = {
			isa = PBXVariantGroup;
			children = (
				418EAE51200487060073DF34 /* Base */,
			);
			name = Main.storyboard;
			sourceTree = "<group>";
		};
		418EAE55200487060073DF34 /* LaunchScreen.storyboard */ = {
			isa = PBXVariantGroup;
			children = (
				418EAE56200487060073DF34 /* Base */,
			);
			name = LaunchScreen.storyboard;
			sourceTree = "<group>";
		};
/* End PBXVariantGroup section */

/* Begin XCBuildConfiguration section */
		418EAE59200487060073DF34 /* Debug */ = {
			isa = XCBuildConfiguration;
			buildSettings = {
				ALWAYS_SEARCH_USER_PATHS = NO;
				CLANG_ANALYZER_NONNULL = YES;
				CLANG_ANALYZER_NUMBER_OBJECT_CONVERSION = YES_AGGRESSIVE;
				CLANG_CXX_LANGUAGE_STANDARD = "gnu++14";
				CLANG_CXX_LIBRARY = "libc++";
				CLANG_ENABLE_MODULES = YES;
				CLANG_ENABLE_OBJC_ARC = YES;
				CLANG_WARN_BLOCK_CAPTURE_AUTORELEASING = YES;
				CLANG_WARN_BOOL_CONVERSION = YES;
				CLANG_WARN_COMMA = YES;
				CLANG_WARN_CONSTANT_CONVERSION = YES;
				CLANG_WARN_DEPRECATED_OBJC_IMPLEMENTATIONS = YES;
				CLANG_WARN_DIRECT_OBJC_ISA_USAGE = YES_ERROR;
				CLANG_WARN_DOCUMENTATION_COMMENTS = YES;
				CLANG_WARN_EMPTY_BODY = YES;
				CLANG_WARN_ENUM_CONVERSION = YES;
				CLANG_WARN_INFINITE_RECURSION = YES;
				CLANG_WARN_INT_CONVERSION = YES;
				CLANG_WARN_NON_LITERAL_NULL_CONVERSION = YES;
				CLANG_WARN_OBJC_IMPLICIT_RETAIN_SELF = YES;
				CLANG_WARN_OBJC_LITERAL_CONVERSION = YES;
				CLANG_WARN_OBJC_ROOT_CLASS = YES_ERROR;
				CLANG_WARN_RANGE_LOOP_ANALYSIS = YES;
				CLANG_WARN_STRICT_PROTOTYPES = YES;
				CLANG_WARN_SUSPICIOUS_MOVE = YES;
				CLANG_WARN_UNGUARDED_AVAILABILITY = YES_AGGRESSIVE;
				CLANG_WARN_UNREACHABLE_CODE = YES;
				CLANG_WARN__DUPLICATE_METHOD_MATCH = YES;
				CODE_SIGN_IDENTITY = "iPhone Developer";
				COPY_PHASE_STRIP = NO;
				DEBUG_INFORMATION_FORMAT = dwarf;
				ENABLE_STRICT_OBJC_MSGSEND = YES;
				ENABLE_TESTABILITY = YES;
				GCC_C_LANGUAGE_STANDARD = gnu11;
				GCC_DYNAMIC_NO_PIC = NO;
				GCC_NO_COMMON_BLOCKS = YES;
				GCC_OPTIMIZATION_LEVEL = 0;
				GCC_PREPROCESSOR_DEFINITIONS = (
					"DEBUG=1",
					"$(inherited)",
				);
				GCC_WARN_64_TO_32_BIT_CONVERSION = YES;
				GCC_WARN_ABOUT_RETURN_TYPE = YES_ERROR;
				GCC_WARN_UNDECLARED_SELECTOR = YES;
				GCC_WARN_UNINITIALIZED_AUTOS = YES_AGGRESSIVE;
				GCC_WARN_UNUSED_FUNCTION = YES;
				GCC_WARN_UNUSED_VARIABLE = YES;
				IPHONEOS_DEPLOYMENT_TARGET = 10.0;
				MTL_ENABLE_DEBUG_INFO = YES;
				ONLY_ACTIVE_ARCH = YES;
				SDKROOT = iphoneos;
				SWIFT_ACTIVE_COMPILATION_CONDITIONS = DEBUG;
				SWIFT_OPTIMIZATION_LEVEL = "-Onone";
			};
			name = Debug;
		};
		418EAE5A200487060073DF34 /* Release */ = {
			isa = XCBuildConfiguration;
			buildSettings = {
				ALWAYS_SEARCH_USER_PATHS = NO;
				CLANG_ANALYZER_NONNULL = YES;
				CLANG_ANALYZER_NUMBER_OBJECT_CONVERSION = YES_AGGRESSIVE;
				CLANG_CXX_LANGUAGE_STANDARD = "gnu++14";
				CLANG_CXX_LIBRARY = "libc++";
				CLANG_ENABLE_MODULES = YES;
				CLANG_ENABLE_OBJC_ARC = YES;
				CLANG_WARN_BLOCK_CAPTURE_AUTORELEASING = YES;
				CLANG_WARN_BOOL_CONVERSION = YES;
				CLANG_WARN_COMMA = YES;
				CLANG_WARN_CONSTANT_CONVERSION = YES;
				CLANG_WARN_DEPRECATED_OBJC_IMPLEMENTATIONS = YES;
				CLANG_WARN_DIRECT_OBJC_ISA_USAGE = YES_ERROR;
				CLANG_WARN_DOCUMENTATION_COMMENTS = YES;
				CLANG_WARN_EMPTY_BODY = YES;
				CLANG_WARN_ENUM_CONVERSION = YES;
				CLANG_WARN_INFINITE_RECURSION = YES;
				CLANG_WARN_INT_CONVERSION = YES;
				CLANG_WARN_NON_LITERAL_NULL_CONVERSION = YES;
				CLANG_WARN_OBJC_IMPLICIT_RETAIN_SELF = YES;
				CLANG_WARN_OBJC_LITERAL_CONVERSION = YES;
				CLANG_WARN_OBJC_ROOT_CLASS = YES_ERROR;
				CLANG_WARN_RANGE_LOOP_ANALYSIS = YES;
				CLANG_WARN_STRICT_PROTOTYPES = YES;
				CLANG_WARN_SUSPICIOUS_MOVE = YES;
				CLANG_WARN_UNGUARDED_AVAILABILITY = YES_AGGRESSIVE;
				CLANG_WARN_UNREACHABLE_CODE = YES;
				CLANG_WARN__DUPLICATE_METHOD_MATCH = YES;
				CODE_SIGN_IDENTITY = "iPhone Developer";
				COPY_PHASE_STRIP = NO;
				DEBUG_INFORMATION_FORMAT = "dwarf-with-dsym";
				ENABLE_NS_ASSERTIONS = NO;
				ENABLE_STRICT_OBJC_MSGSEND = YES;
				GCC_C_LANGUAGE_STANDARD = gnu11;
				GCC_NO_COMMON_BLOCKS = YES;
				GCC_WARN_64_TO_32_BIT_CONVERSION = YES;
				GCC_WARN_ABOUT_RETURN_TYPE = YES_ERROR;
				GCC_WARN_UNDECLARED_SELECTOR = YES;
				GCC_WARN_UNINITIALIZED_AUTOS = YES_AGGRESSIVE;
				GCC_WARN_UNUSED_FUNCTION = YES;
				GCC_WARN_UNUSED_VARIABLE = YES;
				IPHONEOS_DEPLOYMENT_TARGET = 10.0;
				MTL_ENABLE_DEBUG_INFO = NO;
				SDKROOT = iphoneos;
				SWIFT_OPTIMIZATION_LEVEL = "-Owholemodule";
				VALIDATE_PRODUCT = YES;
			};
			name = Release;
		};
		418EAE5C200487060073DF34 /* Debug */ = {
			isa = XCBuildConfiguration;
			buildSettings = {
				ASSETCATALOG_COMPILER_APPICON_NAME = AppIcon;
				CODE_SIGN_STYLE = Automatic;
				INFOPLIST_FILE = "$(SRCROOT)/Source/Info.plist";
				LD_RUNPATH_SEARCH_PATHS = "$(inherited) @executable_path/Frameworks";
				PRODUCT_BUNDLE_IDENTIFIER = "io.prediction.iOS-Example";
				PRODUCT_NAME = "$(TARGET_NAME)";
				SWIFT_VERSION = 5.0;
				TARGETED_DEVICE_FAMILY = "1,2";
			};
			name = Debug;
		};
		418EAE5D200487060073DF34 /* Release */ = {
			isa = XCBuildConfiguration;
			buildSettings = {
				ASSETCATALOG_COMPILER_APPICON_NAME = AppIcon;
				CODE_SIGN_STYLE = Automatic;
				INFOPLIST_FILE = "$(SRCROOT)/Source/Info.plist";
				LD_RUNPATH_SEARCH_PATHS = "$(inherited) @executable_path/Frameworks";
				PRODUCT_BUNDLE_IDENTIFIER = "io.prediction.iOS-Example";
				PRODUCT_NAME = "$(TARGET_NAME)";
				SWIFT_VERSION = 5.0;
				TARGETED_DEVICE_FAMILY = "1,2";
			};
			name = Release;
		};
/* End XCBuildConfiguration section */

/* Begin XCConfigurationList section */
		418EAE44200487060073DF34 /* Build configuration list for PBXProject "iOS Example" */ = {
			isa = XCConfigurationList;
			buildConfigurations = (
				418EAE59200487060073DF34 /* Debug */,
				418EAE5A200487060073DF34 /* Release */,
			);
			defaultConfigurationIsVisible = 0;
			defaultConfigurationName = Release;
		};
		418EAE5B200487060073DF34 /* Build configuration list for PBXNativeTarget "iOS Example" */ = {
			isa = XCConfigurationList;
			buildConfigurations = (
				418EAE5C200487060073DF34 /* Debug */,
				418EAE5D200487060073DF34 /* Release */,
			);
			defaultConfigurationIsVisible = 0;
			defaultConfigurationName = Release;
		};
/* End XCConfigurationList section */
	};
	rootObject = 418EAE41200487060073DF34 /* Project object */;
}
